
Microsoft Visual Studio Solution File, Format Version 12.00
# Visual Studio Version 16
VisualStudioVersion = 16.0.31112.23
MinimumVisualStudioVersion = 10.0.40219.1
Project("{FAE04EC0-301F-11D3-BF4B-00C04F79EFBC}") = "ResidentAPI", "ResidentAPI\ResidentAPI.csproj", "{57A8243A-3C95-412E-9C86-87CB4D79829D}"
EndProject
Global
	GlobalSection(SolutionConfigurationPlatforms) = preSolution
		Debug|Any CPU = Debug|Any CPU
		Release|Any CPU = Release|Any CPU
	EndGlobalSection
	GlobalSection(ProjectConfigurationPlatforms) = postSolution
		{57A8243A-3C95-412E-9C86-87CB4D79829D}.Debug|Any CPU.ActiveCfg = Debug|Any CPU
		{57A8243A-3C95-412E-9C86-87CB4D79829D}.Debug|Any CPU.Build.0 = Debug|Any CPU
		{57A8243A-3C95-412E-9C86-87CB4D79829D}.Release|Any CPU.ActiveCfg = Release|Any CPU
		{57A8243A-3C95-412E-9C86-87CB4D79829D}.Release|Any CPU.Build.0 = Release|Any CPU
	EndGlobalSection
	GlobalSection(SolutionProperties) = preSolution
		HideSolutionNode = FALSE
	EndGlobalSection
	GlobalSection(ExtensibilityGlobals) = postSolution
		SolutionGuid = {999401F0-BFF5-45A0-84DA-F89ED84EB881}
	EndGlobalSection
EndGlobal
